Microsoft Visual Studio Solution File, Format Version 12.00
# Visual Studio Version 18
VisualStudioVersion = 18.3.11312.210 d18.3
MinimumVisualStudioVersion = 10.0.40219.1
Project("{FAE04EC0-301F-11D3-BF4B-00C04F79EFBC}") = "TechCraftLauncher", "TechCraftLauncher\TechCraftLauncher.csproj", "{ED566E08-C589-2E8A-E787-2B1516C07151}"
EndProject
Global
	GlobalSection(SolutionConfigurationPlatforms) = preSolution
		Debug|Any CPU = Debug|Any CPU
		Release|Any CPU = Release|Any CPU
	EndGlobalSection
	GlobalSection(ProjectConfigurationPlatforms) = postSolution
		{ED566E08-C589-2E8A-E787-2B1516C07151}.Debug|Any CPU.ActiveCfg = Debug|Any CPU
		{ED566E08-C589-2E8A-E787-2B1516C07151}.Debug|Any CPU.Build.0 = Debug|Any CPU
		{ED566E08-C589-2E8A-E787-2B1516C07151}.Release|Any CPU.ActiveCfg = Release|Any CPU
		{ED566E08-C589-2E8A-E787-2B1516C07151}.Release|Any CPU.Build.0 = Release|Any CPU
	EndGlobalSection
	GlobalSection(SolutionProperties) = preSolution
		HideSolutionNode = FALSE
	EndGlobalSection
	GlobalSection(ExtensibilityGlobals) = postSolution
		SolutionGuid = {7468525D-CD39-403C-9475-E5A243B1E26E}
	EndGlobalSection
EndGlobal
